
Microsoft Visual Studio Solution File, Format Version 12.00
# Visual Studio Version 17
VisualStudioVersion = 17.5.33424.131
MinimumVisualStudioVersion = 10.0.40219.1
Project("{9A19103F-16F7-4668-BE54-9A1E7A4F7556}") = "SelectAndSearch", "SelectAndSearch\SelectAndSearch.csproj", "{4303C153-C004-45CB-86AA-6F68AF1950BE}"
EndProject
Project("{9A19103F-16F7-4668-BE54-9A1E7A4F7556}") = "SelectAndSearch.Test", "SelectAndSearch.Test\SelectAndSearch.Test.csproj", "{95391306-FBC8-472E-B338-2AC308F127BD}"
EndProject
Project("{2150E333-8FDC-42A3-9474-1A3956D46DE8}") = "解决方案项", "解决方案项", "{7B0F66CE-97B6-4685-9131-A6F8F7260EFF}"
	ProjectSection(SolutionItems) = preProject
		.github\workflows\dotnet.yml = .github\workflows\dotnet.yml
	EndProjectSection
EndProject
Project("{9A19103F-16F7-4668-BE54-9A1E7A4F7556}") = "SelectAndSearch.Benchmark", "SelectAndSearch.Benchmark\SelectAndSearch.Benchmark.csproj", "{2D271DE8-87DA-4973-BAB9-73E2B6D60C7C}"
EndProject
Project("{9A19103F-16F7-4668-BE54-9A1E7A4F7556}") = "SelectAndSearch.Common", "SelectAndSearch.Common\SelectAndSearch.Common.csproj", "{72D6EF24-02FC-45AB-8572-EA71EAB85229}"
EndProject
Global
	GlobalSection(SolutionConfigurationPlatforms) = preSolution
		BenchmarkRelease|Any CPU = BenchmarkRelease|Any CPU
		Debug|Any CPU = Debug|Any CPU
		Release_cuda102_cudnn76_tr72_sm61_75|Any CPU = Release_cuda102_cudnn76_tr72_sm61_75|Any CPU
		Release_cuda118_cudnn86_tr85_sm86_89|Any CPU = Release_cuda118_cudnn86_tr85_sm86_89|Any CPU
		Release_mkl|Any CPU = Release_mkl|Any CPU
		Release_openblas_noavx|Any CPU = Release_openblas_noavx|Any CPU
		Release_openblas|Any CPU = Release_openblas|Any CPU
		Release|Any CPU = Release|Any CPU
	EndGlobalSection
	GlobalSection(ProjectConfigurationPlatforms) = postSolution
		{4303C153-C004-45CB-86AA-6F68AF1950BE}.BenchmarkRelease|Any CPU.ActiveCfg = Release|Any CPU
		{4303C153-C004-45CB-86AA-6F68AF1950BE}.BenchmarkRelease|Any CPU.Build.0 = Release|Any CPU
		{4303C153-C004-45CB-86AA-6F68AF1950BE}.Debug|Any CPU.ActiveCfg = Debug|Any CPU
		{4303C153-C004-45CB-86AA-6F68AF1950BE}.Debug|Any CPU.Build.0 = Debug|Any CPU
		{4303C153-C004-45CB-86AA-6F68AF1950BE}.Release_cuda102_cudnn76_tr72_sm61_75|Any CPU.ActiveCfg = Release_cuda102_cudnn76_tr72_sm61_75|Any CPU
		{4303C153-C004-45CB-86AA-6F68AF1950BE}.Release_cuda102_cudnn76_tr72_sm61_75|Any CPU.Build.0 = Release_cuda102_cudnn76_tr72_sm61_75|Any CPU
		{4303C153-C004-45CB-86AA-6F68AF1950BE}.Release_cuda118_cudnn86_tr85_sm86_89|Any CPU.ActiveCfg = Release_cuda118_cudnn86_tr85_sm86_89|Any CPU
		{4303C153-C004-45CB-86AA-6F68AF1950BE}.Release_cuda118_cudnn86_tr85_sm86_89|Any CPU.Build.0 = Release_cuda118_cudnn86_tr85_sm86_89|Any CPU
		{4303C153-C004-45CB-86AA-6F68AF1950BE}.Release_mkl|Any CPU.ActiveCfg = Release_mkl|Any CPU
		{4303C153-C004-45CB-86AA-6F68AF1950BE}.Release_mkl|Any CPU.Build.0 = Release_mkl|Any CPU
		{4303C153-C004-45CB-86AA-6F68AF1950BE}.Release_openblas_noavx|Any CPU.ActiveCfg = Release_openblas_noavx|Any CPU
		{4303C153-C004-45CB-86AA-6F68AF1950BE}.Release_openblas_noavx|Any CPU.Build.0 = Release_openblas_noavx|Any CPU
		{4303C153-C004-45CB-86AA-6F68AF1950BE}.Release_openblas|Any CPU.ActiveCfg = Release_openblas|Any CPU
		{4303C153-C004-45CB-86AA-6F68AF1950BE}.Release_openblas|Any CPU.Build.0 = Release_openblas|Any CPU
		{4303C153-C004-45CB-86AA-6F68AF1950BE}.Release|Any CPU.ActiveCfg = Release|Any CPU
		{4303C153-C004-45CB-86AA-6F68AF1950BE}.Release|Any CPU.Build.0 = Release|Any CPU
		{95391306-FBC8-472E-B338-2AC308F127BD}.BenchmarkRelease|Any CPU.ActiveCfg = Release|Any CPU
		{95391306-FBC8-472E-B338-2AC308F127BD}.BenchmarkRelease|Any CPU.Build.0 = Release|Any CPU
		{95391306-FBC8-472E-B338-2AC308F127BD}.Debug|Any CPU.ActiveCfg = Debug|Any CPU
		{95391306-FBC8-472E-B338-2AC308F127BD}.Debug|Any CPU.Build.0 = Debug|Any CPU
		{95391306-FBC8-472E-B338-2AC308F127BD}.Release_cuda102_cudnn76_tr72_sm61_75|Any CPU.ActiveCfg = Release_cuda102_cudnn76_tr72_sm61_75|Any CPU
		{95391306-FBC8-472E-B338-2AC308F127BD}.Release_cuda102_cudnn76_tr72_sm61_75|Any CPU.Build.0 = Release_cuda102_cudnn76_tr72_sm61_75|Any CPU
		{95391306-FBC8-472E-B338-2AC308F127BD}.Release_cuda118_cudnn86_tr85_sm86_89|Any CPU.ActiveCfg = Release_cuda118_cudnn86_tr85_sm86_89|Any CPU
		{95391306-FBC8-472E-B338-2AC308F127BD}.Release_cuda118_cudnn86_tr85_sm86_89|Any CPU.Build.0 = Release_cuda118_cudnn86_tr85_sm86_89|Any CPU
		{95391306-FBC8-472E-B338-2AC308F127BD}.Release_mkl|Any CPU.ActiveCfg = Release_mkl|Any CPU
		{95391306-FBC8-472E-B338-2AC308F127BD}.Release_mkl|Any CPU.Build.0 = Release_mkl|Any CPU
		{95391306-FBC8-472E-B338-2AC308F127BD}.Release_openblas_noavx|Any CPU.ActiveCfg = Release_openblas_noavx|Any CPU
		{95391306-FBC8-472E-B338-2AC308F127BD}.Release_openblas_noavx|Any CPU.Build.0 = Release_openblas_noavx|Any CPU
		{95391306-FBC8-472E-B338-2AC308F127BD}.Release_openblas|Any CPU.ActiveCfg = Release_openblas|Any CPU
		{95391306-FBC8-472E-B338-2AC308F127BD}.Release_openblas|Any CPU.Build.0 = Release_openblas|Any CPU
		{95391306-FBC8-472E-B338-2AC308F127BD}.Release|Any CPU.ActiveCfg = Release|Any CPU
		{95391306-FBC8-472E-B338-2AC308F127BD}.Release|Any CPU.Build.0 = Release|Any CPU
		{2D271DE8-87DA-4973-BAB9-73E2B6D60C7C}.BenchmarkRelease|Any CPU.ActiveCfg = BenchmarkRelease|Any CPU
		{2D271DE8-87DA-4973-BAB9-73E2B6D60C7C}.BenchmarkRelease|Any CPU.Build.0 = BenchmarkRelease|Any CPU
		{2D271DE8-87DA-4973-BAB9-73E2B6D60C7C}.Debug|Any CPU.ActiveCfg = Debug|Any CPU
		{2D271DE8-87DA-4973-BAB9-73E2B6D60C7C}.Debug|Any CPU.Build.0 = Debug|Any CPU
		{2D271DE8-87DA-4973-BAB9-73E2B6D60C7C}.Release_cuda102_cudnn76_tr72_sm61_75|Any CPU.ActiveCfg = Release_cuda102_cudnn76_tr72_sm61_75|Any CPU
		{2D271DE8-87DA-4973-BAB9-73E2B6D60C7C}.Release_cuda102_cudnn76_tr72_sm61_75|Any CPU.Build.0 = Release_cuda102_cudnn76_tr72_sm61_75|Any CPU
		{2D271DE8-87DA-4973-BAB9-73E2B6D60C7C}.Release_cuda118_cudnn86_tr85_sm86_89|Any CPU.ActiveCfg = Release_cuda118_cudnn86_tr85_sm86_89|Any CPU
		{2D271DE8-87DA-4973-BAB9-73E2B6D60C7C}.Release_cuda118_cudnn86_tr85_sm86_89|Any CPU.Build.0 = Release_cuda118_cudnn86_tr85_sm86_89|Any CPU
		{2D271DE8-87DA-4973-BAB9-73E2B6D60C7C}.Release_mkl|Any CPU.ActiveCfg = Release_mkl|Any CPU
		{2D271DE8-87DA-4973-BAB9-73E2B6D60C7C}.Release_mkl|Any CPU.Build.0 = Release_mkl|Any CPU
		{2D271DE8-87DA-4973-BAB9-73E2B6D60C7C}.Release_openblas_noavx|Any CPU.ActiveCfg = Release_openblas_noavx|Any CPU
		{2D271DE8-87DA-4973-BAB9-73E2B6D60C7C}.Release_openblas_noavx|Any CPU.Build.0 = Release_openblas_noavx|Any CPU
		{2D271DE8-87DA-4973-BAB9-73E2B6D60C7C}.Release_openblas|Any CPU.ActiveCfg = Release_openblas|Any CPU
		{2D271DE8-87DA-4973-BAB9-73E2B6D60C7C}.Release_openblas|Any CPU.Build.0 = Release_openblas|Any CPU
		{2D271DE8-87DA-4973-BAB9-73E2B6D60C7C}.Release|Any CPU.ActiveCfg = Release|Any CPU
		{2D271DE8-87DA-4973-BAB9-73E2B6D60C7C}.Release|Any CPU.Build.0 = Release|Any CPU
		{72D6EF24-02FC-45AB-8572-EA71EAB85229}.BenchmarkRelease|Any CPU.ActiveCfg = Release|Any CPU
		{72D6EF24-02FC-45AB-8572-EA71EAB85229}.BenchmarkRelease|Any CPU.Build.0 = Release|Any CPU
		{72D6EF24-02FC-45AB-8572-EA71EAB85229}.Debug|Any CPU.ActiveCfg = Debug|Any CPU
		{72D6EF24-02FC-45AB-8572-EA71EAB85229}.Debug|Any CPU.Build.0 = Debug|Any CPU
		{72D6EF24-02FC-45AB-8572-EA71EAB85229}.Release_cuda102_cudnn76_tr72_sm61_75|Any CPU.ActiveCfg = Release_cuda102_cudnn76_tr72_sm61_75|Any CPU
		{72D6EF24-02FC-45AB-8572-EA71EAB85229}.Release_cuda102_cudnn76_tr72_sm61_75|Any CPU.Build.0 = Release_cuda102_cudnn76_tr72_sm61_75|Any CPU
		{72D6EF24-02FC-45AB-8572-EA71EAB85229}.Release_cuda118_cudnn86_tr85_sm86_89|Any CPU.ActiveCfg = Release_cuda118_cudnn86_tr85_sm86_89|Any CPU
		{72D6EF24-02FC-45AB-8572-EA71EAB85229}.Release_cuda118_cudnn86_tr85_sm86_89|Any CPU.Build.0 = Release_cuda118_cudnn86_tr85_sm86_89|Any CPU
		{72D6EF24-02FC-45AB-8572-EA71EAB85229}.Release_mkl|Any CPU.ActiveCfg = Release_mkl|Any CPU
		{72D6EF24-02FC-45AB-8572-EA71EAB85229}.Release_mkl|Any CPU.Build.0 = Release_mkl|Any CPU
		{72D6EF24-02FC-45AB-8572-EA71EAB85229}.Release_openblas_noavx|Any CPU.ActiveCfg = Release_openblas_noavx|Any CPU
		{72D6EF24-02FC-45AB-8572-EA71EAB85229}.Release_openblas_noavx|Any CPU.Build.0 = Release_openblas_noavx|Any CPU
		{72D6EF24-02FC-45AB-8572-EA71EAB85229}.Release_openblas|Any CPU.ActiveCfg = Release_openblas|Any CPU
		{72D6EF24-02FC-45AB-8572-EA71EAB85229}.Release_openblas|Any CPU.Build.0 = Release_openblas|Any CPU
		{72D6EF24-02FC-45AB-8572-EA71EAB85229}.Release|Any CPU.ActiveCfg = Release|Any CPU
		{72D6EF24-02FC-45AB-8572-EA71EAB85229}.Release|Any CPU.Build.0 = Release|Any CPU
	EndGlobalSection
	GlobalSection(SolutionProperties) = preSolution
		HideSolutionNode = FALSE
	EndGlobalSection
	GlobalSection(ExtensibilityGlobals) = postSolution
		SolutionGuid = {68DF5C7D-86DB-498E-87E8-89EB08E1309A}
	EndGlobalSection
EndGlobal
